// !$*UTF8*$!
{
	archiveVersion = 1;
	classes = {
	};
	objectVersion = 46;
	objects = {

/* Begin PBXBuildFile section */
		E53640AC18C241750007C58D /* Foundation.framework in Frameworks */ = {isa = PBXBuildFile; fileRef = E53640AB18C241750007C58D /* Foundation.framework */; };
		E53640AE18C241750007C58D /* CoreGraphics.framework in Frameworks */ = {isa = PBXBuildFile; fileRef = E53640AD18C241750007C58D /* CoreGraphics.framework */; };
		E53640B018C241750007C58D /* UIKit.framework in Frameworks */ = {isa = PBXBuildFile; fileRef = E53640AF18C241750007C58D /* UIKit.framework */; };
		E53640B618C241750007C58D /* InfoPlist.strings in Resources */ = {isa = PBXBuildFile; fileRef = E53640B418C241750007C58D /* InfoPlist.strings */; };
		E53640B818C241750007C58D /* main.m in Sources */ = {isa = PBXBuildFile; fileRef = E53640B718C241750007C58D /* main.m */; };
		E53640BC18C241750007C58D /* AppDelegate.m in Sources */ = {isa = PBXBuildFile; fileRef = E53640BB18C241750007C58D /* AppDelegate.m */; };
		E53640BF18C241750007C58D /* Main_iPhone.storyboard in Resources */ = {isa = PBXBuildFile; fileRef = E53640BD18C241750007C58D /* Main_iPhone.storyboard */; };
		E53640C218C241750007C58D /* Main_iPad.storyboard in Resources */ = {isa = PBXBuildFile; fileRef = E53640C018C241750007C58D /* Main_iPad.storyboard */; };
		E53640C518C241750007C58D /* ViewController.m in Sources */ = {isa = PBXBuildFile; fileRef = E53640C418C241750007C58D /* ViewController.m */; };
		E53640C718C241750007C58D /* Images.xcassets in Resources */ = {isa = PBXBuildFile; fileRef = E53640C618C241750007C58D /* Images.xcassets */; };
		E53640CE18C241750007C58D /* XCTest.framework in Frameworks */ = {isa = PBXBuildFile; fileRef = E53640CD18C241750007C58D /* XCTest.framework */; };
		E53640CF18C241750007C58D /* Foundation.framework in Frameworks */ = {isa = PBXBuildFile; fileRef = E53640AB18C241750007C58D /* Foundation.framework */; };
		E53640D018C241750007C58D /* UIKit.framework in Frameworks */ = {isa = PBXBuildFile; fileRef = E53640AF18C241750007C58D /* UIKit.framework */; };
		E53640D818C241750007C58D /* InfoPlist.strings in Resources */ = {isa = PBXBuildFile; fileRef = E53640D618C241750007C58D /* InfoPlist.strings */; };
		E53640DA18C241750007C58D /* GAI_Parse_LectureTests.m in Sources */ = {isa = PBXBuildFile; fileRef = E53640D918C241750007C58D /* GAI_Parse_LectureTests.m */; };
		E53640E418C244A00007C58D /* parse-library-1.2.18.zip in Resources */ = {isa = PBXBuildFile; fileRef = E53640E318C244A00007C58D /* parse-library-1.2.18.zip */; };
/* End PBXBuildFile section */

/* Begin PBXContainerItemProxy section */
		E53640D118C241750007C58D /* PBXContainerItemProxy */ = {
			isa = PBXContainerItemProxy;
			containerPortal = E53640A018C241750007C58D /* Project object */;
			proxyType = 1;
			remoteGlobalIDString = E53640A718C241750007C58D;
			remoteInfo = "GAI Parse Lecture";
		};
/* End PBXContainerItemProxy section */

/* Begin PBXFileReference section */
		E53640A818C241750007C58D /* GAI Parse Lecture.app */ = {isa = PBXFileReference; explicitFileType = wrapper.application; includeInIndex = 0; path = "GAI Parse Lecture.app"; sourceTree = BUILT_PRODUCTS_DIR; };
		E53640AB18C241750007C58D /* Foundation.framework */ = {isa = PBXFileReference; lastKnownFileType = wrapper.framework; name = Foundation.framework; path = System/Library/Frameworks/Foundation.framework; sourceTree = SDKROOT; };
		E53640AD18C241750007C58D /* CoreGraphics.framework */ = {isa = PBXFileReference; lastKnownFileType = wrapper.framework; name = CoreGraphics.framework; path = System/Library/Frameworks/CoreGraphics.framework; sourceTree = SDKROOT; };
		E53640AF18C241750007C58D /* UIKit.framework */ = {isa = PBXFileReference; lastKnownFileType = wrapper.framework; name = UIKit.framework; path = System/Library/Frameworks/UIKit.framework; sourceTree = SDKROOT; };
		E53640B318C241750007C58D /* GAI Parse Lecture-Info.plist */ = {isa = PBXFileReference; lastKnownFileType = text.plist.xml; path = "GAI Parse Lecture-Info.plist"; sourceTree = "<group>"; };
		E53640B518C241750007C58D /* en */ = {isa = PBXFileReference; lastKnownFileType = text.plist.strings; name = en; path = en.lproj/InfoPlist.strings; sourceTree = "<group>"; };
		E53640B718C241750007C58D /* main.m */ = {isa = PBXFileReference; lastKnownFileType = sourcecode.c.objc; path = main.m; sourceTree = "<group>"; };
		E53640B918C241750007C58D /* GAI Parse Lecture-Prefix.pch */ = {isa = PBXFileReference; lastKnownFileType = sourcecode.c.h; path = "GAI Parse Lecture-Prefix.pch"; sourceTree = "<group>"; };
		E53640BA18C241750007C58D /* AppDelegate.h */ = {isa = PBXFileReference; lastKnownFileType = sourcecode.c.h; path = AppDelegate.h; sourceTree = "<group>"; };
		E53640BB18C241750007C58D /* AppDelegate.m */ = {isa = PBXFileReference; lastKnownFileType = sourcecode.c.objc; path = AppDelegate.m; sourceTree = "<group>"; };
		E53640BE18C241750007C58D /* Base */ = {isa = PBXFileReference; lastKnownFileType = file.storyboard; name = Base; path = Base.lproj/Main_iPhone.storyboard; sourceTree = "<group>"; };
		E53640C118C241750007C58D /* Base */ = {isa = PBXFileReference; lastKnownFileType = file.storyboard; name = Base; path = Base.lproj/Main_iPad.storyboard; sourceTree = "<group>"; };
		E53640C318C241750007C58D /* ViewController.h */ = {isa = PBXFileReference; lastKnownFileType = sourcecode.c.h; path = ViewController.h; sourceTree = "<group>"; };
		E53640C418C241750007C58D /* ViewController.m */ = {isa = PBXFileReference; lastKnownFileType = sourcecode.c.objc; path = ViewController.m; sourceTree = "<group>"; };
		E53640C618C241750007C58D /* Images.xcassets */ = {isa = PBXFileReference; lastKnownFileType = folder.assetcatalog; path = Images.xcassets; sourceTree = "<group>"; };
		E53640CC18C241750007C58D /* GAI Parse LectureTests.xctest */ = {isa = PBXFileReference; explicitFileType = wrapper.cfbundle; includeInIndex = 0; path = "GAI Parse LectureTests.xctest"; sourceTree = BUILT_PRODUCTS_DIR; };
		E53640CD18C241750007C58D /* XCTest.framework */ = {isa = PBXFileReference; lastKnownFileType = wrapper.framework; name = XCTest.framework; path = Library/Frameworks/XCTest.framework; sourceTree = DEVELOPER_DIR; };
		E53640D518C241750007C58D /* GAI Parse LectureTests-Info.plist */ = {isa = PBXFileReference; lastKnownFileType = text.plist.xml; path = "GAI Parse LectureTests-Info.plist"; sourceTree = "<group>"; };
		E53640D718C241750007C58D /* en */ = {isa = PBXFileReference; lastKnownFileType = text.plist.strings; name = en; path = en.lproj/InfoPlist.strings; sourceTree = "<group>"; };
		E53640D918C241750007C58D /* GAI_Parse_LectureTests.m */ = {isa = PBXFileReference; lastKnownFileType = sourcecode.c.objc; path = GAI_Parse_LectureTests.m; sourceTree = "<group>"; };
		E53640E318C244A00007C58D /* parse-library-1.2.18.zip */ = {isa = PBXFileReference; lastKnownFileType = archive.zip; path = "parse-library-1.2.18.zip"; sourceTree = "<group>"; };
/* End PBXFileReference section */

/* Begin PBXFrameworksBuildPhase section */
		E53640A518C241750007C58D /* Frameworks */ = {
			isa = PBXFrameworksBuildPhase;
			buildActionMask = 2147483647;
			files = (
				E53640AE18C241750007C58D /* CoreGraphics.framework in Frameworks */,
				E53640B018C241750007C58D /* UIKit.framework in Frameworks */,
				E53640AC18C241750007C58D /* Foundation.framework in Frameworks */,
			);
			runOnlyForDeploymentPostprocessing = 0;
		};
		E53640C918C241750007C58D /* Frameworks */ = {
			isa = PBXFrameworksBuildPhase;
			buildActionMask = 2147483647;
			files = (
				E53640CE18C241750007C58D /* XCTest.framework in Frameworks */,
				E53640D018C241750007C58D /* UIKit.framework in Frameworks */,
				E53640CF18C241750007C58D /* Foundation.framework in Frameworks */,
			);
			runOnlyForDeploymentPostprocessing = 0;
		};
/* End PBXFrameworksBuildPhase section */

/* Begin PBXGroup section */
		E536409F18C241750007C58D = {
			isa = PBXGroup;
			children = (
				E53640B118C241750007C58D /* GAI Parse Lecture */,
				E53640D318C241750007C58D /* GAI Parse LectureTests */,
				E53640AA18C241750007C58D /* Frameworks */,
				E53640A918C241750007C58D /* Products */,
			);
			sourceTree = "<group>";
		};
		E53640A918C241750007C58D /* Products */ = {
			isa = PBXGroup;
			children = (
				E53640A818C241750007C58D /* GAI Parse Lecture.app */,
				E53640CC18C241750007C58D /* GAI Parse LectureTests.xctest */,
			);
			name = Products;
			sourceTree = "<group>";
		};
		E53640AA18C241750007C58D /* Frameworks */ = {
			isa = PBXGroup;
			children = (
				E53640E318C244A00007C58D /* parse-library-1.2.18.zip */,
				E53640AB18C241750007C58D /* Foundation.framework */,
				E53640AD18C241750007C58D /* CoreGraphics.framework */,
				E53640AF18C241750007C58D /* UIKit.framework */,
				E53640CD18C241750007C58D /* XCTest.framework */,
			);
			name = Frameworks;
			sourceTree = "<group>";
		};
		E53640B118C241750007C58D /* GAI Parse Lecture */ = {
			isa = PBXGroup;
			children = (
				E53640BA18C241750007C58D /* AppDelegate.h */,
				E53640BB18C241750007C58D /* AppDelegate.m */,
				E53640BD18C241750007C58D /* Main_iPhone.storyboard */,
				E53640C018C241750007C58D /* Main_iPad.storyboard */,
				E53640C318C241750007C58D /* ViewController.h */,
				E53640C418C241750007C58D /* ViewController.m */,
				E53640C618C241750007C58D /* Images.xcassets */,
				E53640B218C241750007C58D /* Supporting Files */,
			);
			path = "GAI Parse Lecture";
			sourceTree = "<group>";
		};
		E53640B218C241750007C58D /* Supporting Files */ = {
			isa = PBXGroup;
			children = (
				E53640B318C241750007C58D /* GAI Parse Lecture-Info.plist */,
				E53640B418C241750007C58D /* InfoPlist.strings */,
				E53640B718C241750007C58D /* main.m */,
				E53640B918C241750007C58D /* GAI Parse Lecture-Prefix.pch */,
			);
			name = "Supporting Files";
			sourceTree = "<group>";
		};
		E53640D318C241750007C58D /* GAI Parse LectureTests */ = {
			isa = PBXGroup;
			children = (
				E53640D918C241750007C58D /* GAI_Parse_LectureTests.m */,
				E53640D418C241750007C58D /* Supporting Files */,
			);
			path = "GAI Parse LectureTests";
			sourceTree = "<group>";
		};
		E53640D418C241750007C58D /* Supporting Files */ = {
			isa = PBXGroup;
			children = (
				E53640D518C241750007C58D /* GAI Parse LectureTests-Info.plist */,
				E53640D618C241750007C58D /* InfoPlist.strings */,
			);
			name = "Supporting Files";
			sourceTree = "<group>";
		};
/* End PBXGroup section */

/* Begin PBXNativeTarget section */
		E53640A718C241750007C58D /* GAI Parse Lecture */ = {
			isa = PBXNativeTarget;
			buildConfigurationList = E53640DD18C241750007C58D /* Build configuration list for PBXNativeTarget "GAI Parse Lecture" */;
			buildPhases = (
				E53640A418C241750007C58D /* Sources */,
				E53640A518C241750007C58D /* Frameworks */,
				E53640A618C241750007C58D /* Resources */,
			);
			buildRules = (
			);
			dependencies = (
			);
			name = "GAI Parse Lecture";
			productName = "GAI Parse Lecture";
			productReference = E53640A818C241750007C58D /* GAI Parse Lecture.app */;
			productType = "com.apple.product-type.application";
		};
		E53640CB18C241750007C58D /* GAI Parse LectureTests */ = {
			isa = PBXNativeTarget;
			buildConfigurationList = E53640E018C241750007C58D /* Build configuration list for PBXNativeTarget "GAI Parse LectureTests" */;
			buildPhases = (
				E53640C818C241750007C58D /* Sources */,
				E53640C918C241750007C58D /* Frameworks */,
				E53640CA18C241750007C58D /* Resources */,
			);
			buildRules = (
			);
			dependencies = (
				E53640D218C241750007C58D /* PBXTargetDependency */,
			);
			name = "GAI Parse LectureTests";
			productName = "GAI Parse LectureTests";
			productReference = E53640CC18C241750007C58D /* GAI Parse LectureTests.xctest */;
			productType = "com.apple.product-type.bundle.unit-test";
		};
/* End PBXNativeTarget section */

/* Begin PBXProject section */
		E53640A018C241750007C58D /* Project object */ = {
			isa = PBXProject;
			attributes = {
				LastUpgradeCheck = 0500;
				ORGANIZATIONNAME = huy;
				TargetAttributes = {
					E53640CB18C241750007C58D = {
						TestTargetID = E53640A718C241750007C58D;
					};
				};
			};
			buildConfigurationList = E53640A318C241750007C58D /* Build configuration list for PBXProject "GAI Parse Lecture" */;
			compatibilityVersion = "Xcode 3.2";
			developmentRegion = English;
			hasScannedForEncodings = 0;
			knownRegions = (
				en,
				Base,
			);
			mainGroup = E536409F18C241750007C58D;
			productRefGroup = E53640A918C241750007C58D /* Products */;
			projectDirPath = "";
			projectRoot = "";
			targets = (
				E53640A718C241750007C58D /* GAI Parse Lecture */,
				E53640CB18C241750007C58D /* GAI Parse LectureTests */,
			);
		};
/* End PBXProject section */

/* Begin PBXResourcesBuildPhase section */
		E53640A618C241750007C58D /* Resources */ = {
			isa = PBXResourcesBuildPhase;
			buildActionMask = 2147483647;
			files = (
				E53640C218C241750007C58D /* Main_iPad.storyboard in Resources */,
				E53640E418C244A00007C58D /* parse-library-1.2.18.zip in Resources */,
				E53640C718C241750007C58D /* Images.xcassets in Resources */,
				E53640BF18C241750007C58D /* Main_iPhone.storyboard in Resources */,
				E53640B618C241750007C58D /* InfoPlist.strings in Resources */,
			);
			runOnlyForDeploymentPostprocessing = 0;
		};
		E53640CA18C241750007C58D /* Resources */ = {
			isa = PBXResourcesBuildPhase;
			buildActionMask = 2147483647;
			files = (
				E53640D818C241750007C58D /* InfoPlist.strings in Resources */,
			);
			runOnlyForDeploymentPostprocessing = 0;
		};
/* End PBXResourcesBuildPhase section */

/* Begin PBXSourcesBuildPhase section */
		E53640A418C241750007C58D /* Sources */ = {
			isa = PBXSourcesBuildPhase;
			buildActionMask = 2147483647;
			files = (
				E53640C518C241750007C58D /* ViewController.m in Sources */,
				E53640BC18C241750007C58D /* AppDelegate.m in Sources */,
				E53640B818C241750007C58D /* main.m in Sources */,
			);
			runOnlyForDeploymentPostprocessing = 0;
		};
		E53640C818C241750007C58D /* Sources */ = {
			isa = PBXSourcesBuildPhase;
			buildActionMask = 2147483647;
			files = (
				E53640DA18C241750007C58D /* GAI_Parse_LectureTests.m in Sources */,
			);
			runOnlyForDeploymentPostprocessing = 0;
		};
/* End PBXSourcesBuildPhase section */

/* Begin PBXTargetDependency section */
		E53640D218C241750007C58D /* PBXTargetDependency */ = {
			isa = PBXTargetDependency;
			target = E53640A718C241750007C58D /* GAI Parse Lecture */;
			targetProxy = E53640D118C241750007C58D /* PBXContainerItemProxy */;
		};
/* End PBXTargetDependency section */

/* Begin PBXVariantGroup section */
		E53640B418C241750007C58D /* InfoPlist.strings */ = {
			isa = PBXVariantGroup;
			children = (
				E53640B518C241750007C58D /* en */,
			);
			name = InfoPlist.strings;
			sourceTree = "<group>";
		};
		E53640BD18C241750007C58D /* Main_iPhone.storyboard */ = {
			isa = PBXVariantGroup;
			children = (
				E53640BE18C241750007C58D /* Base */,
			);
			name = Main_iPhone.storyboard;
			sourceTree = "<group>";
		};
		E53640C018C241750007C58D /* Main_iPad.storyboard */ = {
			isa = PBXVariantGroup;
			children = (
				E53640C118C241750007C58D /* Base */,
			);
			name = Main_iPad.storyboard;
			sourceTree = "<group>";
		};
		E53640D618C241750007C58D /* InfoPlist.strings */ = {
			isa = PBXVariantGroup;
			children = (
				E53640D718C241750007C58D /* en */,
			);
			name = InfoPlist.strings;
			sourceTree = "<group>";
		};
/* End PBXVariantGroup section */

/* Begin XCBuildConfiguration section */
		E53640DB18C241750007C58D /* Debug */ = {
			isa = XCBuildConfiguration;
			buildSettings = {
				ALWAYS_SEARCH_USER_PATHS = NO;
				ARCHS = "$(ARCHS_STANDARD_INCLUDING_64_BIT)";
				CLANG_CXX_LANGUAGE_STANDARD = "gnu++0x";
				CLANG_CXX_LIBRARY = "libc++";
				CLANG_ENABLE_MODULES = YES;
				CLANG_ENABLE_OBJC_ARC = YES;
				CLANG_WARN_BOOL_CONVERSION = YES;
				CLANG_WARN_CONSTANT_CONVERSION = YES;
				CLANG_WARN_DIRECT_OBJC_ISA_USAGE = YES_ERROR;
				CLANG_WARN_EMPTY_BODY = YES;
				CLANG_WARN_ENUM_CONVERSION = YES;
				CLANG_WARN_INT_CONVERSION = YES;
				CLANG_WARN_OBJC_ROOT_CLASS = YES_ERROR;
				CLANG_WARN__DUPLICATE_METHOD_MATCH = YES;
				"CODE_SIGN_IDENTITY[sdk=iphoneos*]" = "iPhone Developer";
				COPY_PHASE_STRIP = NO;
				GCC_C_LANGUAGE_STANDARD = gnu99;
				GCC_DYNAMIC_NO_PIC = NO;
				GCC_OPTIMIZATION_LEVEL = 0;
				GCC_PREPROCESSOR_DEFINITIONS = (
					"DEBUG=1",
					"$(inherited)",
				);
				GCC_SYMBOLS_PRIVATE_EXTERN = NO;
				GCC_WARN_64_TO_32_BIT_CONVERSION = YES;
				GCC_WARN_ABOUT_RETURN_TYPE = YES_ERROR;
				GCC_WARN_UNDECLARED_SELECTOR = YES;
				GCC_WARN_UNINITIALIZED_AUTOS = YES;
				GCC_WARN_UNUSED_FUNCTION = YES;
				GCC_WARN_UNUSED_VARIABLE = YES;
				IPHONEOS_DEPLOYMENT_TARGET = 7.0;
				ONLY_ACTIVE_ARCH = YES;
				SDKROOT = iphoneos;
				TARGETED_DEVICE_FAMILY = "1,2";
			};
			name = Debug;
		};
		E53640DC18C241750007C58D /* Release */ = {
			isa = XCBuildConfiguration;
			buildSettings = {
				ALWAYS_SEARCH_USER_PATHS = NO;
				ARCHS = "$(ARCHS_STANDARD_INCLUDING_64_BIT)";
				CLANG_CXX_LANGUAGE_STANDARD = "gnu++0x";
				CLANG_CXX_LIBRARY = "libc++";
				CLANG_ENABLE_MODULES = YES;
				CLANG_ENABLE_OBJC_ARC = YES;
				CLANG_WARN_BOOL_CONVERSION = YES;
				CLANG_WARN_CONSTANT_CONVERSION = YES;
				CLANG_WARN_DIRECT_OBJC_ISA_USAGE = YES_ERROR;
				CLANG_WARN_EMPTY_BODY = YES;
				CLANG_WARN_ENUM_CONVERSION = YES;
				CLANG_WARN_INT_CONVERSION = YES;
				CLANG_WARN_OBJC_ROOT_CLASS = YES_ERROR;
				CLANG_WARN__DUPLICATE_METHOD_MATCH = YES;
				"CODE_SIGN_IDENTITY[sdk=iphoneos*]" = "iPhone Developer";
				COPY_PHASE_STRIP = YES;
				ENABLE_NS_ASSERTIONS = NO;
				GCC_C_LANGUAGE_STANDARD = gnu99;
				GCC_WARN_64_TO_32_BIT_CONVERSION = YES;
				GCC_WARN_ABOUT_RETURN_TYPE = YES_ERROR;
				GCC_WARN_UNDECLARED_SELECTOR = YES;
				GCC_WARN_UNINITIALIZED_AUTOS = YES;
				GCC_WARN_UNUSED_FUNCTION = YES;
				GCC_WARN_UNUSED_VARIABLE = YES;
				IPHONEOS_DEPLOYMENT_TARGET = 7.0;
				SDKROOT = iphoneos;
				TARGETED_DEVICE_FAMILY = "1,2";
				VALIDATE_PRODUCT = YES;
			};
			name = Release;
		};
		E53640DE18C241750007C58D /* Debug */ = {
			isa = XCBuildConfiguration;
			buildSettings = {
				ASSETCATALOG_COMPILER_APPICON_NAME = AppIcon;
				ASSETCATALOG_COMPILER_LAUNCHIMAGE_NAME = LaunchImage;
				GCC_PRECOMPILE_PREFIX_HEADER = YES;
				GCC_PREFIX_HEADER = "GAI Parse Lecture/GAI Parse Lecture-Prefix.pch";
				INFOPLIST_FILE = "GAI Parse Lecture/GAI Parse Lecture-Info.plist";
				PRODUCT_NAME = "$(TARGET_NAME)";
				WRAPPER_EXTENSION = app;
			};
			name = Debug;
		};
		E53640DF18C241750007C58D /* Release */ = {
			isa = XCBuildConfiguration;
			buildSettings = {
				ASSETCATALOG_COMPILER_APPICON_NAME = AppIcon;
				ASSETCATALOG_COMPILER_LAUNCHIMAGE_NAME = LaunchImage;
				GCC_PRECOMPILE_PREFIX_HEADER = YES;
				GCC_PREFIX_HEADER = "GAI Parse Lecture/GAI Parse Lecture-Prefix.pch";
				INFOPLIST_FILE = "GAI Parse Lecture/GAI Parse Lecture-Info.plist";
				PRODUCT_NAME = "$(TARGET_NAME)";
				WRAPPER_EXTENSION = app;
			};
			name = Release;
		};
		E53640E118C241750007C58D /* Debug */ = {
			isa = XCBuildConfiguration;
			buildSettings = {
				ARCHS = "$(ARCHS_STANDARD_INCLUDING_64_BIT)";
				BUNDLE_LOADER = "$(BUILT_PRODUCTS_DIR)/GAI Parse Lecture.app/GAI Parse Lecture";
				FRAMEWORK_SEARCH_PATHS = (
					"$(SDKROOT)/Developer/Library/Frameworks",
					"$(inherited)",
					"$(DEVELOPER_FRAMEWORKS_DIR)",
				);
				GCC_PRECOMPILE_PREFIX_HEADER = YES;
				GCC_PREFIX_HEADER = "GAI Parse Lecture/GAI Parse Lecture-Prefix.pch";
				GCC_PREPROCESSOR_DEFINITIONS = (
					"DEBUG=1",
					"$(inherited)",
				);
				INFOPLIST_FILE = "GAI Parse LectureTests/GAI Parse LectureTests-Info.plist";
				PRODUCT_NAME = "$(TARGET_NAME)";
				TEST_HOST = "$(BUNDLE_LOADER)";
				WRAPPER_EXTENSION = xctest;
			};
			name = Debug;
		};
		E53640E218C241750007C58D /* Release */ = {
			isa = XCBuildConfiguration;
			buildSettings = {
				ARCHS = "$(ARCHS_STANDARD_INCLUDING_64_BIT)";
				BUNDLE_LOADER = "$(BUILT_PRODUCTS_DIR)/GAI Parse Lecture.app/GAI Parse Lecture";
				FRAMEWORK_SEARCH_PATHS = (
					"$(SDKROOT)/Developer/Library/Frameworks",
					"$(inherited)",
					"$(DEVELOPER_FRAMEWORKS_DIR)",
				);
				GCC_PRECOMPILE_PREFIX_HEADER = YES;
				GCC_PREFIX_HEADER = "GAI Parse Lecture/GAI Parse Lecture-Prefix.pch";
				INFOPLIST_FILE = "GAI Parse LectureTests/GAI Parse LectureTests-Info.plist";
				PRODUCT_NAME = "$(TARGET_NAME)";
				TEST_HOST = "$(BUNDLE_LOADER)";
				WRAPPER_EXTENSION = xctest;
			};
			name = Release;
		};
/* End XCBuildConfiguration section */

/* Begin XCConfigurationList section */
		E53640A318C241750007C58D /* Build configuration list for PBXProject "GAI Parse Lecture" */ = {
			isa = XCConfigurationList;
			buildConfigurations = (
				E53640DB18C241750007C58D /* Debug */,
				E53640DC18C241750007C58D /* Release */,
			);
			defaultConfigurationIsVisible = 0;
			defaultConfigurationName = Release;
		};
		E53640DD18C241750007C58D /* Build configuration list for PBXNativeTarget "GAI Parse Lecture" */ = {
			isa = XCConfigurationList;
			buildConfigurations = (
				E53640DE18C241750007C58D /* Debug */,
				E53640DF18C241750007C58D /* Release */,
			);
			defaultConfigurationIsVisible = 0;
		};
		E53640E018C241750007C58D /* Build configuration list for PBXNativeTarget "GAI Parse LectureTests" */ = {
			isa = XCConfigurationList;
			buildConfigurations = (
				E53640E118C241750007C58D /* Debug */,
				E53640E218C241750007C58D /* Release */,
			);
			defaultConfigurationIsVisible = 0;
		};
/* End XCConfigurationList section */
	};
	rootObject = E53640A018C241750007C58D /* Project object */;
}
